packages:
  cnn-core:
    revision: 76986d8c2f706a62788f88fe22a90ae44b0e5609
    version: 4.1.0
    source:
      Git: git@github.com:NuDAQ/CNN-Core-Generator.git
    dependencies: []
  cnn-core-wrapper:
    revision: e23ff12339483135925f6b1a77b633b1b5af3972
    version: 5.0.0
    source:
      Git: git@github.com:NuDAQ/CNN-Core-Wrapper.git
    dependencies:
    - cnn-core
  hilo-trigger:
    revision: 5758b7c160fa74c8c55fc2a51ac114834f75bdac
    version: 2.2.4
    source:
      Git: git@github.com:NuDAQ/Hi-Lo-Trigger.git
    dependencies: []
