packages:
  cnn-core:
    revision: bc5bb92cb59cbb21b99fc48b3f0011e272c94c11
    version: 3.4.2
    source:
      Git: git@github.com:NuDAQ/CNN-Core-Generator.git
    dependencies: []
  cnn-core-wrapper:
    revision: 1a9554f554c495730117a688b5bb953cfddb89f1
    version: 4.0.0
    source:
      Git: git@github.com:NuDAQ/CNN-Core-Wrapper.git
    dependencies:
    - cnn-core
