packages:
  cnn-core:
    revision: null
    version: null
    source:
      Path: /home/work1/Works/CNN-Core-Generator
    dependencies: []
  cnn-core-wrapper:
    revision: 1a9554f554c495730117a688b5bb953cfddb89f1
    version: 4.0.0
    source:
      Git: git@github.com:NuDAQ/CNN-Core-Wrapper.git
    dependencies:
    - cnn-core
  hilo-trigger:
    revision: 5758b7c160fa74c8c55fc2a51ac114834f75bdac
    version: 2.2.4
    source:
      Git: git@github.com:NuDAQ/Hi-Lo-Trigger.git
    dependencies: []
